
Microsoft Visual Studio Solution File, Format Version 12.00
# Visual Studio Version 17
VisualStudioVersion = 17.14.36930.0 d17.14
MinimumVisualStudioVersion = 10.0.40219.1
Project("{FAE04EC0-301F-11D3-BF4B-00C04F79EFBC}") = "WebsiteBanXeMay", "WebsiteBanXeMay\WebsiteBanXeMay.csproj", "{249D0D42-2BED-453E-9C2F-AD4C73DD5415}"
EndProject
Global
	GlobalSection(SolutionConfigurationPlatforms) = preSolution
		Debug|Any CPU = Debug|Any CPU
		Release|Any CPU = Release|Any CPU
	EndGlobalSection
	GlobalSection(ProjectConfigurationPlatforms) = postSolution
		{249D0D42-2BED-453E-9C2F-AD4C73DD5415}.Debug|Any CPU.ActiveCfg = Debug|Any CPU
		{249D0D42-2BED-453E-9C2F-AD4C73DD5415}.Debug|Any CPU.Build.0 = Debug|Any CPU
		{249D0D42-2BED-453E-9C2F-AD4C73DD5415}.Release|Any CPU.ActiveCfg = Release|Any CPU
		{249D0D42-2BED-453E-9C2F-AD4C73DD5415}.Release|Any CPU.Build.0 = Release|Any CPU
	EndGlobalSection
	GlobalSection(SolutionProperties) = preSolution
		HideSolutionNode = FALSE
	EndGlobalSection
	GlobalSection(ExtensibilityGlobals) = postSolution
		SolutionGuid = {37E8C3C6-89F4-47B5-8D86-1053E2015C3C}
	EndGlobalSection
EndGlobal
